{
  "nodes": {
    "agenix": {
      "inputs": {
        "darwin": "darwin",
        "home-manager": "home-manager",
        "nixpkgs": "nixpkgs"
      },
      "locked": {
        "lastModified": 1696775529,
        "narHash": "sha256-TYlE4B0ktPtlJJF9IFxTWrEeq+XKG8Ny0gc2FGEAdj0=",
        "owner": "ryantm",
        "repo": "agenix",
        "rev": "daf42cb35b2dc614d1551e37f96406e4c4a2d3e4",
        "type": "github"
      },
      "original": {
        "owner": "ryantm",
        "repo": "agenix",
        "type": "github"
      }
    },
    "darwin": {
      "inputs": {
        "nixpkgs": [
          "agenix",
          "nixpkgs"
        ]
      },
      "locked": {
        "lastModified": 1673295039,
        "narHash": "sha256-AsdYgE8/GPwcelGgrntlijMg4t3hLFJFCRF3tL5WVjA=",
        "owner": "lnl7",
        "repo": "nix-darwin",
        "rev": "87b9d090ad39b25b2400029c64825fc2a8868943",
        "type": "github"
      },
      "original": {
        "owner": "lnl7",
        "ref": "master",
        "repo": "nix-darwin",
        "type": "github"
      }
    },
    "home-manager": {
      "inputs": {
        "nixpkgs": [
          "agenix",
          "nixpkgs"
        ]
      },
      "locked": {
        "lastModified": 1682203081,
        "narHash": "sha256-kRL4ejWDhi0zph/FpebFYhzqlOBrk0Pl3dzGEKSAlEw=",
        "owner": "nix-community",
        "repo": "home-manager",
        "rev": "32d3e39c491e2f91152c84f8ad8b003420eab0a1",
        "type": "github"
      },
      "original": {
        "owner": "nix-community",
        "repo": "home-manager",
        "type": "github"
      }
    },
    "home-manager_2": {
      "inputs": {
        "nixpkgs": [
          "nixpkgs"
        ]
      },
      "locked": {
        "lastModified": 1700261686,
        "narHash": "sha256-kplQg6hKFNuWKrOyGp9D//G/WH1nHGJ43r2m7fagTYY=",
        "owner": "rycee",
        "repo": "home-manager",
        "rev": "ecd0a800f716b80a6eac58a7ac34d6d33e6fa5ee",
        "type": "github"
      },
      "original": {
        "owner": "rycee",
        "ref": "master",
        "repo": "home-manager",
        "type": "github"
      }
    },
    "nixpkgs": {
      "locked": {
        "lastModified": 1677676435,
        "narHash": "sha256-6FxdcmQr5JeZqsQvfinIMr0XcTyTuR7EXX0H3ANShpQ=",
        "owner": "NixOS",
        "repo": "nixpkgs",
        "rev": "a08d6979dd7c82c4cef0dcc6ac45ab16051c1169",
        "type": "github"
      },
      "original": {
        "owner": "NixOS",
        "ref": "nixos-unstable",
        "repo": "nixpkgs",
        "type": "github"
      }
    },
    "nixpkgs-unstable": {
      "locked": {
        "lastModified": 1700108881,
        "narHash": "sha256-+Lqybl8kj0+nD/IlAWPPG/RDTa47gff9nbei0u7BntE=",
        "owner": "NixOS",
        "repo": "nixpkgs",
        "rev": "7414e9ee0b3e9903c24d3379f577a417f0aae5f1",
        "type": "github"
      },
      "original": {
        "id": "nixpkgs",
        "ref": "nixpkgs-unstable",
        "type": "indirect"
      }
    },
    "nixpkgs_2": {
      "locked": {
        "lastModified": 1700204040,
        "narHash": "sha256-xSVcS5HBYnD3LTer7Y2K8ZQCDCXMa3QUD1MzRjHzuhI=",
        "owner": "NixOS",
        "repo": "nixpkgs",
        "rev": "c757e9bd77b16ca2e03c89bf8bc9ecb28e0c06ad",
        "type": "github"
      },
      "original": {
        "id": "nixpkgs",
        "ref": "nixos-unstable",
        "type": "indirect"
      }
    },
    "root": {
      "inputs": {
        "agenix": "agenix",
        "home-manager": "home-manager_2",
        "nixpkgs": "nixpkgs_2",
        "nixpkgs-unstable": "nixpkgs-unstable",
        "secrets": "secrets"
      }
    },
    "secrets": {
      "flake": false,
      "locked": {
        "lastModified": 1692686570,
        "narHash": "sha256-537fkORe/Fhtncu0fFf89bTRdqz8mPRC8kYgprwEA3A=",
        "ref": "refs/heads/master",
        "rev": "086f844007cbddb367b0f81e8e040ad68faa67c4",
        "revCount": 15,
        "type": "git",
        "url": "ssh://git@github.com/nhamlh/nix-secrets.git"
      },
      "original": {
        "type": "git",
        "url": "ssh://git@github.com/nhamlh/nix-secrets.git"
      }
    }
  },
  "root": "root",
  "version": 7
}
